// !$*UTF8*$!
{
	archiveVersion = 1;
	classes = {
	};
	objectVersion = 56;
	objects = {

/* Begin PBXBuildFile section */
		163305C829F69ACB00115E8B /* HomeCityName.swift in Sources */ = {isa = PBXBuildFile; fileRef = 163305C729F69ACB00115E8B /* HomeCityName.swift */; };
		163FC66C29FA2880002CDD2E /* MyAddressViewController.swift in Sources */ = {isa = PBXBuildFile; fileRef = 163FC66B29FA2880002CDD2E /* MyAddressViewController.swift */; };
		1640722F29F03F50006DED01 /* HomeTableViewModel.swift in Sources */ = {isa = PBXBuildFile; fileRef = 1640722E29F03F50006DED01 /* HomeTableViewModel.swift */; };
		1640723329F04BB8006DED01 /* HomeTableViewCell.swift in Sources */ = {isa = PBXBuildFile; fileRef = 1640723229F04BB8006DED01 /* HomeTableViewCell.swift */; };
		168F6E3F29F7B5A1001D023C /* ProductViewController.swift in Sources */ = {isa = PBXBuildFile; fileRef = 168F6E3E29F7B5A1001D023C /* ProductViewController.swift */; };
		16B4853929ED1B7D0009520B /* SearchViewController.swift in Sources */ = {isa = PBXBuildFile; fileRef = 16B4853829ED1B7D0009520B /* SearchViewController.swift */; };
		16B4853C29ED2CC00009520B /* NoticeViewController.swift in Sources */ = {isa = PBXBuildFile; fileRef = 16B4853B29ED2CC00009520B /* NoticeViewController.swift */; };
		AB022D342A076C0200DC3C5F /* UIAlertController+.swift in Sources */ = {isa = PBXBuildFile; fileRef = AB022D332A076C0200DC3C5F /* UIAlertController+.swift */; };
		AB02A5BC29EAF3DF0044AF79 /* AppDelegate.swift in Sources */ = {isa = PBXBuildFile; fileRef = AB02A5BB29EAF3DF0044AF79 /* AppDelegate.swift */; };
		AB02A5BE29EAF3DF0044AF79 /* SceneDelegate.swift in Sources */ = {isa = PBXBuildFile; fileRef = AB02A5BD29EAF3DF0044AF79 /* SceneDelegate.swift */; };
		AB02A5C329EAF3DF0044AF79 /* Main.storyboard in Resources */ = {isa = PBXBuildFile; fileRef = AB02A5C129EAF3DF0044AF79 /* Main.storyboard */; };
		AB02A5C529EAF3E00044AF79 /* Assets.xcassets in Resources */ = {isa = PBXBuildFile; fileRef = AB02A5C429EAF3E00044AF79 /* Assets.xcassets */; };
		AB02A5C829EAF3E00044AF79 /* LaunchScreen.storyboard in Resources */ = {isa = PBXBuildFile; fileRef = AB02A5C629EAF3E00044AF79 /* LaunchScreen.storyboard */; };
		AB105CC029F24066008A0C40 /* MyProfileHeaderView.swift in Sources */ = {isa = PBXBuildFile; fileRef = AB105CBF29F24066008A0C40 /* MyProfileHeaderView.swift */; };
		AB519B8C29F01FC70097877D /* SettingViewController.swift in Sources */ = {isa = PBXBuildFile; fileRef = AB519B8B29F01FC70097877D /* SettingViewController.swift */; };
		AB519B9029F032A90097877D /* MyTableViewCell.swift in Sources */ = {isa = PBXBuildFile; fileRef = AB519B8F29F032A90097877D /* MyTableViewCell.swift */; };
		AB519B9229F034E50097877D /* MySectionHeaderView.swift in Sources */ = {isa = PBXBuildFile; fileRef = AB519B9129F034E50097877D /* MySectionHeaderView.swift */; };
		AB519B9429F035570097877D /* UITableViewHeaderFooterView+.swift in Sources */ = {isa = PBXBuildFile; fileRef = AB519B9329F035570097877D /* UITableViewHeaderFooterView+.swift */; };
		AB519B9E29F041A20097877D /* MyDaangnModel.swift in Sources */ = {isa = PBXBuildFile; fileRef = AB519B9D29F041A20097877D /* MyDaangnModel.swift */; };
		AB519BA229F046A30097877D /* MyLineFooterView.swift in Sources */ = {isa = PBXBuildFile; fileRef = AB519BA129F046A30097877D /* MyLineFooterView.swift */; };
		AB56598F29FB994F00A359A8 /* UIViewController+.swift in Sources */ = {isa = PBXBuildFile; fileRef = AB56598E29FB994F00A359A8 /* UIViewController+.swift */; };
		AB88AD5029EAF6D700FDF095 /* UIView+.swift in Sources */ = {isa = PBXBuildFile; fileRef = AB88AD4F29EAF6D700FDF095 /* UIView+.swift */; };
		AB88AD5229EAF6F800FDF095 /* UIStackView+.swift in Sources */ = {isa = PBXBuildFile; fileRef = AB88AD5129EAF6F800FDF095 /* UIStackView+.swift */; };
		AB88AD5429EAF72500FDF095 /* UITableViewCell+.swift in Sources */ = {isa = PBXBuildFile; fileRef = AB88AD5329EAF72500FDF095 /* UITableViewCell+.swift */; };
		AB88AD5629EAF73F00FDF095 /* UICollectionViewCell+.swift in Sources */ = {isa = PBXBuildFile; fileRef = AB88AD5529EAF73F00FDF095 /* UICollectionViewCell+.swift */; };
		AB88AD5829EAF7ED00FDF095 /* UIColor+.swift in Sources */ = {isa = PBXBuildFile; fileRef = AB88AD5729EAF7ED00FDF095 /* UIColor+.swift */; };
		AB88AD5D29EAFA9D00FDF095 /* HomeViewController.swift in Sources */ = {isa = PBXBuildFile; fileRef = AB88AD5C29EAFA9D00FDF095 /* HomeViewController.swift */; };
		AB88AD5F29EAFBDB00FDF095 /* TabBarController.swift in Sources */ = {isa = PBXBuildFile; fileRef = AB88AD5E29EAFBDB00FDF095 /* TabBarController.swift */; };
		AB88AD6229EAFC0A00FDF095 /* TownLifeViewController.swift in Sources */ = {isa = PBXBuildFile; fileRef = AB88AD6129EAFC0A00FDF095 /* TownLifeViewController.swift */; };
		AB88AD6529EAFC4800FDF095 /* NearMeViewController.swift in Sources */ = {isa = PBXBuildFile; fileRef = AB88AD6429EAFC4800FDF095 /* NearMeViewController.swift */; };
		AB88AD6829EAFC8900FDF095 /* ChatViewController.swift in Sources */ = {isa = PBXBuildFile; fileRef = AB88AD6729EAFC8900FDF095 /* ChatViewController.swift */; };
		AB88AD6B29EAFCA500FDF095 /* MyDaangnViewController.swift in Sources */ = {isa = PBXBuildFile; fileRef = AB88AD6A29EAFCA500FDF095 /* MyDaangnViewController.swift */; };
		AB88AD6E29EAFD2100FDF095 /* SnapKit in Frameworks */ = {isa = PBXBuildFile; productRef = AB88AD6D29EAFD2100FDF095 /* SnapKit */; };
		AB88AD7129EAFD2B00FDF095 /* Then in Frameworks */ = {isa = PBXBuildFile; productRef = AB88AD7029EAFD2B00FDF095 /* Then */; };
		ABA6182C2A009DC10004B1D3 /* ModifyProfileViewController.swift in Sources */ = {isa = PBXBuildFile; fileRef = ABA6182B2A009DC10004B1D3 /* ModifyProfileViewController.swift */; };
		ABA6182E2A00C57E0004B1D3 /* UITextField+.swift in Sources */ = {isa = PBXBuildFile; fileRef = ABA6182D2A00C57E0004B1D3 /* UITextField+.swift */; };
		ABB2136229FBDBF4008672A2 /* ProfileViewController.swift in Sources */ = {isa = PBXBuildFile; fileRef = ABB2136129FBDBF4008672A2 /* ProfileViewController.swift */; };
		ABB2136929FD7075008672A2 /* ProfileHeaderView.swift in Sources */ = {isa = PBXBuildFile; fileRef = ABB2136829FD7075008672A2 /* ProfileHeaderView.swift */; };
		ABB2136B29FD75FE008672A2 /* UIButton+.swift in Sources */ = {isa = PBXBuildFile; fileRef = ABB2136A29FD75FE008672A2 /* UIButton+.swift */; };
		ABB2136D29FE4E37008672A2 /* ProfileTableViewCell.swift in Sources */ = {isa = PBXBuildFile; fileRef = ABB2136C29FE4E37008672A2 /* ProfileTableViewCell.swift */; };
		ABE7CA7C2A176204001EA9A6 /* DaangnAlertViewController.swift in Sources */ = {isa = PBXBuildFile; fileRef = ABE7CA7B2A176204001EA9A6 /* DaangnAlertViewController.swift */; };
/* End PBXBuildFile section */

/* Begin PBXFileReference section */
		163305C729F69ACB00115E8B /* HomeCityName.swift */ = {isa = PBXFileReference; lastKnownFileType = sourcecode.swift; path = HomeCityName.swift; sourceTree = "<group>"; };
		163FC66B29FA2880002CDD2E /* MyAddressViewController.swift */ = {isa = PBXFileReference; lastKnownFileType = sourcecode.swift; path = MyAddressViewController.swift; sourceTree = "<group>"; };
		1640722E29F03F50006DED01 /* HomeTableViewModel.swift */ = {isa = PBXFileReference; lastKnownFileType = sourcecode.swift; path = HomeTableViewModel.swift; sourceTree = "<group>"; };
		1640723229F04BB8006DED01 /* HomeTableViewCell.swift */ = {isa = PBXFileReference; lastKnownFileType = sourcecode.swift; path = HomeTableViewCell.swift; sourceTree = "<group>"; };
		168F6E3E29F7B5A1001D023C /* ProductViewController.swift */ = {isa = PBXFileReference; lastKnownFileType = sourcecode.swift; path = ProductViewController.swift; sourceTree = "<group>"; };
		16B4853829ED1B7D0009520B /* SearchViewController.swift */ = {isa = PBXFileReference; lastKnownFileType = sourcecode.swift; path = SearchViewController.swift; sourceTree = "<group>"; };
		16B4853B29ED2CC00009520B /* NoticeViewController.swift */ = {isa = PBXFileReference; lastKnownFileType = sourcecode.swift; path = NoticeViewController.swift; sourceTree = "<group>"; };
		AB022D332A076C0200DC3C5F /* UIAlertController+.swift */ = {isa = PBXFileReference; lastKnownFileType = sourcecode.swift; path = "UIAlertController+.swift"; sourceTree = "<group>"; };
		AB02A5B829EAF3DF0044AF79 /* DaangnMarket.app */ = {isa = PBXFileReference; explicitFileType = wrapper.application; includeInIndex = 0; path = DaangnMarket.app; sourceTree = BUILT_PRODUCTS_DIR; };
		AB02A5BB29EAF3DF0044AF79 /* AppDelegate.swift */ = {isa = PBXFileReference; lastKnownFileType = sourcecode.swift; path = AppDelegate.swift; sourceTree = "<group>"; };
		AB02A5BD29EAF3DF0044AF79 /* SceneDelegate.swift */ = {isa = PBXFileReference; lastKnownFileType = sourcecode.swift; path = SceneDelegate.swift; sourceTree = "<group>"; };
		AB02A5C229EAF3DF0044AF79 /* Base */ = {isa = PBXFileReference; lastKnownFileType = file.storyboard; name = Base; path = Base.lproj/Main.storyboard; sourceTree = "<group>"; };
		AB02A5C429EAF3E00044AF79 /* Assets.xcassets */ = {isa = PBXFileReference; lastKnownFileType = folder.assetcatalog; path = Assets.xcassets; sourceTree = "<group>"; };
		AB02A5C729EAF3E00044AF79 /* Base */ = {isa = PBXFileReference; lastKnownFileType = file.storyboard; name = Base; path = Base.lproj/LaunchScreen.storyboard; sourceTree = "<group>"; };
		AB02A5C929EAF3E00044AF79 /* Info.plist */ = {isa = PBXFileReference; lastKnownFileType = text.plist.xml; path = Info.plist; sourceTree = "<group>"; };
		AB105CBF29F24066008A0C40 /* MyProfileHeaderView.swift */ = {isa = PBXFileReference; lastKnownFileType = sourcecode.swift; path = MyProfileHeaderView.swift; sourceTree = "<group>"; };
		AB519B8B29F01FC70097877D /* SettingViewController.swift */ = {isa = PBXFileReference; lastKnownFileType = sourcecode.swift; path = SettingViewController.swift; sourceTree = "<group>"; };
		AB519B8F29F032A90097877D /* MyTableViewCell.swift */ = {isa = PBXFileReference; lastKnownFileType = sourcecode.swift; path = MyTableViewCell.swift; sourceTree = "<group>"; };
		AB519B9129F034E50097877D /* MySectionHeaderView.swift */ = {isa = PBXFileReference; lastKnownFileType = sourcecode.swift; path = MySectionHeaderView.swift; sourceTree = "<group>"; };
		AB519B9329F035570097877D /* UITableViewHeaderFooterView+.swift */ = {isa = PBXFileReference; lastKnownFileType = sourcecode.swift; path = "UITableViewHeaderFooterView+.swift"; sourceTree = "<group>"; };
		AB519B9D29F041A20097877D /* MyDaangnModel.swift */ = {isa = PBXFileReference; lastKnownFileType = sourcecode.swift; path = MyDaangnModel.swift; sourceTree = "<group>"; };
		AB519BA129F046A30097877D /* MyLineFooterView.swift */ = {isa = PBXFileReference; lastKnownFileType = sourcecode.swift; path = MyLineFooterView.swift; sourceTree = "<group>"; };
		AB56598E29FB994F00A359A8 /* UIViewController+.swift */ = {isa = PBXFileReference; lastKnownFileType = sourcecode.swift; path = "UIViewController+.swift"; sourceTree = "<group>"; };
		AB88AD4F29EAF6D700FDF095 /* UIView+.swift */ = {isa = PBXFileReference; lastKnownFileType = sourcecode.swift; path = "UIView+.swift"; sourceTree = "<group>"; };
		AB88AD5129EAF6F800FDF095 /* UIStackView+.swift */ = {isa = PBXFileReference; lastKnownFileType = sourcecode.swift; path = "UIStackView+.swift"; sourceTree = "<group>"; };
		AB88AD5329EAF72500FDF095 /* UITableViewCell+.swift */ = {isa = PBXFileReference; lastKnownFileType = sourcecode.swift; path = "UITableViewCell+.swift"; sourceTree = "<group>"; };
		AB88AD5529EAF73F00FDF095 /* UICollectionViewCell+.swift */ = {isa = PBXFileReference; lastKnownFileType = sourcecode.swift; path = "UICollectionViewCell+.swift"; sourceTree = "<group>"; };
		AB88AD5729EAF7ED00FDF095 /* UIColor+.swift */ = {isa = PBXFileReference; lastKnownFileType = sourcecode.swift; path = "UIColor+.swift"; sourceTree = "<group>"; };
		AB88AD5C29EAFA9D00FDF095 /* HomeViewController.swift */ = {isa = PBXFileReference; lastKnownFileType = sourcecode.swift; path = HomeViewController.swift; sourceTree = "<group>"; };
		AB88AD5E29EAFBDB00FDF095 /* TabBarController.swift */ = {isa = PBXFileReference; lastKnownFileType = sourcecode.swift; path = TabBarController.swift; sourceTree = "<group>"; };
		AB88AD6129EAFC0A00FDF095 /* TownLifeViewController.swift */ = {isa = PBXFileReference; lastKnownFileType = sourcecode.swift; path = TownLifeViewController.swift; sourceTree = "<group>"; };
		AB88AD6429EAFC4800FDF095 /* NearMeViewController.swift */ = {isa = PBXFileReference; lastKnownFileType = sourcecode.swift; path = NearMeViewController.swift; sourceTree = "<group>"; };
		AB88AD6729EAFC8900FDF095 /* ChatViewController.swift */ = {isa = PBXFileReference; lastKnownFileType = sourcecode.swift; path = ChatViewController.swift; sourceTree = "<group>"; };
		AB88AD6A29EAFCA500FDF095 /* MyDaangnViewController.swift */ = {isa = PBXFileReference; lastKnownFileType = sourcecode.swift; path = MyDaangnViewController.swift; sourceTree = "<group>"; };
		ABA6182B2A009DC10004B1D3 /* ModifyProfileViewController.swift */ = {isa = PBXFileReference; lastKnownFileType = sourcecode.swift; path = ModifyProfileViewController.swift; sourceTree = "<group>"; };
		ABA6182D2A00C57E0004B1D3 /* UITextField+.swift */ = {isa = PBXFileReference; lastKnownFileType = sourcecode.swift; path = "UITextField+.swift"; sourceTree = "<group>"; };
		ABB2136129FBDBF4008672A2 /* ProfileViewController.swift */ = {isa = PBXFileReference; lastKnownFileType = sourcecode.swift; path = ProfileViewController.swift; sourceTree = "<group>"; };
		ABB2136829FD7075008672A2 /* ProfileHeaderView.swift */ = {isa = PBXFileReference; lastKnownFileType = sourcecode.swift; path = ProfileHeaderView.swift; sourceTree = "<group>"; };
		ABB2136A29FD75FE008672A2 /* UIButton+.swift */ = {isa = PBXFileReference; lastKnownFileType = sourcecode.swift; path = "UIButton+.swift"; sourceTree = "<group>"; };
		ABB2136C29FE4E37008672A2 /* ProfileTableViewCell.swift */ = {isa = PBXFileReference; lastKnownFileType = sourcecode.swift; path = ProfileTableViewCell.swift; sourceTree = "<group>"; };
		ABE7CA7B2A176204001EA9A6 /* DaangnAlertViewController.swift */ = {isa = PBXFileReference; lastKnownFileType = sourcecode.swift; path = DaangnAlertViewController.swift; sourceTree = "<group>"; };
/* End PBXFileReference section */

/* Begin PBXFrameworksBuildPhase section */
		AB02A5B529EAF3DF0044AF79 /* Frameworks */ = {
			isa = PBXFrameworksBuildPhase;
			buildActionMask = 2147483647;
			files = (
				AB88AD6E29EAFD2100FDF095 /* SnapKit in Frameworks */,
				AB88AD7129EAFD2B00FDF095 /* Then in Frameworks */,
			);
			runOnlyForDeploymentPostprocessing = 0;
		};
/* End PBXFrameworksBuildPhase section */

/* Begin PBXGroup section */
		163FC66729FA2851002CDD2E /* MyAddress */ = {
			isa = PBXGroup;
			children = (
				163FC66A29FA2866002CDD2E /* ViewController */,
				163FC66929FA2860002CDD2E /* Model */,
				163FC66829FA285B002CDD2E /* View */,
			);
			path = MyAddress;
			sourceTree = "<group>";
		};
		163FC66829FA285B002CDD2E /* View */ = {
			isa = PBXGroup;
			children = (
			);
			path = View;
			sourceTree = "<group>";
		};
		163FC66929FA2860002CDD2E /* Model */ = {
			isa = PBXGroup;
			children = (
			);
			path = Model;
			sourceTree = "<group>";
		};
		163FC66A29FA2866002CDD2E /* ViewController */ = {
			isa = PBXGroup;
			children = (
				163FC66B29FA2880002CDD2E /* MyAddressViewController.swift */,
			);
			path = ViewController;
			sourceTree = "<group>";
		};
		1640722D29F03EDB006DED01 /* Model */ = {
			isa = PBXGroup;
			children = (
				1640722E29F03F50006DED01 /* HomeTableViewModel.swift */,
				163305C729F69ACB00115E8B /* HomeCityName.swift */,
			);
			path = Model;
			sourceTree = "<group>";
		};
		1640723029F04B7F006DED01 /* ViewController */ = {
			isa = PBXGroup;
			children = (
				AB88AD5C29EAFA9D00FDF095 /* HomeViewController.swift */,
			);
			path = ViewController;
			sourceTree = "<group>";
		};
		1640723129F04B89006DED01 /* View */ = {
			isa = PBXGroup;
			children = (
				1640723229F04BB8006DED01 /* HomeTableViewCell.swift */,
			);
			path = View;
			sourceTree = "<group>";
		};
		168F6E3A29F7B57A001D023C /* Product */ = {
			isa = PBXGroup;
			children = (
				168F6E3D29F7B591001D023C /* View */,
				168F6E3C29F7B585001D023C /* Model */,
				168F6E3B29F7B57F001D023C /* ViewController */,
			);
			path = Product;
			sourceTree = "<group>";
		};
		168F6E3B29F7B57F001D023C /* ViewController */ = {
			isa = PBXGroup;
			children = (
				168F6E3E29F7B5A1001D023C /* ProductViewController.swift */,
			);
			path = ViewController;
			sourceTree = "<group>";
		};
		168F6E3C29F7B585001D023C /* Model */ = {
			isa = PBXGroup;
			children = (
			);
			path = Model;
			sourceTree = "<group>";
		};
		168F6E3D29F7B591001D023C /* View */ = {
			isa = PBXGroup;
			children = (
			);
			path = View;
			sourceTree = "<group>";
		};
		16B4853729ED1B6D0009520B /* Search */ = {
			isa = PBXGroup;
			children = (
				16B4853829ED1B7D0009520B /* SearchViewController.swift */,
			);
			path = Search;
			sourceTree = "<group>";
		};
		16B4853A29ED2CB40009520B /* Notice */ = {
			isa = PBXGroup;
			children = (
				16B4853B29ED2CC00009520B /* NoticeViewController.swift */,
			);
			path = Notice;
			sourceTree = "<group>";
		};
		AB02A5AF29EAF3DF0044AF79 = {
			isa = PBXGroup;
			children = (
				AB02A5BA29EAF3DF0044AF79 /* DaangnMarket */,
				AB02A5B929EAF3DF0044AF79 /* Products */,
			);
			sourceTree = "<group>";
		};
		AB02A5B929EAF3DF0044AF79 /* Products */ = {
			isa = PBXGroup;
			children = (
				AB02A5B829EAF3DF0044AF79 /* DaangnMarket.app */,
			);
			name = Products;
			sourceTree = "<group>";
		};
		AB02A5BA29EAF3DF0044AF79 /* DaangnMarket */ = {
			isa = PBXGroup;
			children = (
				AB88AD4D29EAF6A200FDF095 /* Global */,
				AB88AD4A29EAF64400FDF095 /* Application */,
				AB88AD4B29EAF65300FDF095 /* Resources */,
				AB88AD4C29EAF67E00FDF095 /* Presentation */,
				AB02A5C929EAF3E00044AF79 /* Info.plist */,
			);
			path = DaangnMarket;
			sourceTree = "<group>";
		};
		AB519B8D29F032250097877D /* ViewController */ = {
			isa = PBXGroup;
			children = (
				AB88AD6A29EAFCA500FDF095 /* MyDaangnViewController.swift */,
				AB519B8B29F01FC70097877D /* SettingViewController.swift */,
			);
			path = ViewController;
			sourceTree = "<group>";
		};
		AB519B8E29F0329B0097877D /* View */ = {
			isa = PBXGroup;
			children = (
				AB519B8F29F032A90097877D /* MyTableViewCell.swift */,
				AB519B9129F034E50097877D /* MySectionHeaderView.swift */,
				AB519BA129F046A30097877D /* MyLineFooterView.swift */,
				AB105CBF29F24066008A0C40 /* MyProfileHeaderView.swift */,
			);
			path = View;
			sourceTree = "<group>";
		};
		AB519B9C29F041920097877D /* Model */ = {
			isa = PBXGroup;
			children = (
				AB519B9D29F041A20097877D /* MyDaangnModel.swift */,
			);
			path = Model;
			sourceTree = "<group>";
		};
		AB88AD4A29EAF64400FDF095 /* Application */ = {
			isa = PBXGroup;
			children = (
				AB02A5BB29EAF3DF0044AF79 /* AppDelegate.swift */,
				AB02A5BD29EAF3DF0044AF79 /* SceneDelegate.swift */,
			);
			path = Application;
			sourceTree = "<group>";
		};
		AB88AD4B29EAF65300FDF095 /* Resources */ = {
			isa = PBXGroup;
			children = (
				AB02A5C629EAF3E00044AF79 /* LaunchScreen.storyboard */,
				AB02A5C129EAF3DF0044AF79 /* Main.storyboard */,
				AB02A5C429EAF3E00044AF79 /* Assets.xcassets */,
			);
			path = Resources;
			sourceTree = "<group>";
		};
		AB88AD4C29EAF67E00FDF095 /* Presentation */ = {
			isa = PBXGroup;
			children = (
				163FC66729FA2851002CDD2E /* MyAddress */,
				168F6E3A29F7B57A001D023C /* Product */,
				AB88AD5929EAF98F00FDF095 /* TabBar */,
				16B4853A29ED2CB40009520B /* Notice */,
				16B4853729ED1B6D0009520B /* Search */,
				AB88AD5A29EAFA7800FDF095 /* Home */,
				AB88AD6029EAFBED00FDF095 /* TownLife */,
				AB88AD6329EAFC0F00FDF095 /* NearMe */,
				AB88AD6629EAFC5400FDF095 /* Chatting */,
				AB88AD6929EAFC8D00FDF095 /* MyDaangn */,
				ABB2136429FC002D008672A2 /* Profile */,
			);
			path = Presentation;
			sourceTree = "<group>";
		};
		AB88AD4D29EAF6A200FDF095 /* Global */ = {
			isa = PBXGroup;
			children = (
				AB88AD4E29EAF6AA00FDF095 /* Extension */,
			);
			path = Global;
			sourceTree = "<group>";
		};
		AB88AD4E29EAF6AA00FDF095 /* Extension */ = {
			isa = PBXGroup;
			children = (
				AB88AD4F29EAF6D700FDF095 /* UIView+.swift */,
				AB88AD5129EAF6F800FDF095 /* UIStackView+.swift */,
				AB88AD5329EAF72500FDF095 /* UITableViewCell+.swift */,
				AB88AD5529EAF73F00FDF095 /* UICollectionViewCell+.swift */,
				AB88AD5729EAF7ED00FDF095 /* UIColor+.swift */,
				AB519B9329F035570097877D /* UITableViewHeaderFooterView+.swift */,
				AB56598E29FB994F00A359A8 /* UIViewController+.swift */,
				ABB2136A29FD75FE008672A2 /* UIButton+.swift */,
				ABA6182D2A00C57E0004B1D3 /* UITextField+.swift */,
				AB022D332A076C0200DC3C5F /* UIAlertController+.swift */,
			);
			path = Extension;
			sourceTree = "<group>";
		};
		AB88AD5929EAF98F00FDF095 /* TabBar */ = {
			isa = PBXGroup;
			children = (
				AB88AD5E29EAFBDB00FDF095 /* TabBarController.swift */,
			);
			path = TabBar;
			sourceTree = "<group>";
		};
		AB88AD5A29EAFA7800FDF095 /* Home */ = {
			isa = PBXGroup;
			children = (
				1640722D29F03EDB006DED01 /* Model */,
				1640723129F04B89006DED01 /* View */,
				1640723029F04B7F006DED01 /* ViewController */,
			);
			path = Home;
			sourceTree = "<group>";
		};
		AB88AD6029EAFBED00FDF095 /* TownLife */ = {
			isa = PBXGroup;
			children = (
				AB88AD6129EAFC0A00FDF095 /* TownLifeViewController.swift */,
			);
			path = TownLife;
			sourceTree = "<group>";
		};
		AB88AD6329EAFC0F00FDF095 /* NearMe */ = {
			isa = PBXGroup;
			children = (
				AB88AD6429EAFC4800FDF095 /* NearMeViewController.swift */,
			);
			path = NearMe;
			sourceTree = "<group>";
		};
		AB88AD6629EAFC5400FDF095 /* Chatting */ = {
			isa = PBXGroup;
			children = (
				AB88AD6729EAFC8900FDF095 /* ChatViewController.swift */,
			);
			path = Chatting;
			sourceTree = "<group>";
		};
		AB88AD6929EAFC8D00FDF095 /* MyDaangn */ = {
			isa = PBXGroup;
			children = (
				AB519B9C29F041920097877D /* Model */,
				AB519B8E29F0329B0097877D /* View */,
				AB519B8D29F032250097877D /* ViewController */,
			);
			path = MyDaangn;
			sourceTree = "<group>";
		};
		ABB2136429FC002D008672A2 /* Profile */ = {
			isa = PBXGroup;
			children = (
				ABB2136729FD705F008672A2 /* View */,
				ABB2136629FC003C008672A2 /* ViewController */,
			);
			path = Profile;
			sourceTree = "<group>";
		};
		ABB2136629FC003C008672A2 /* ViewController */ = {
			isa = PBXGroup;
			children = (
				ABB2136129FBDBF4008672A2 /* ProfileViewController.swift */,
				ABA6182B2A009DC10004B1D3 /* ModifyProfileViewController.swift */,
				ABE7CA7B2A176204001EA9A6 /* DaangnAlertViewController.swift */,
			);
			path = ViewController;
			sourceTree = "<group>";
		};
		ABB2136729FD705F008672A2 /* View */ = {
			isa = PBXGroup;
			children = (
				ABB2136829FD7075008672A2 /* ProfileHeaderView.swift */,
				ABB2136C29FE4E37008672A2 /* ProfileTableViewCell.swift */,
			);
			path = View;
			sourceTree = "<group>";
		};
/* End PBXGroup section */

/* Begin PBXNativeTarget section */
		AB02A5B729EAF3DF0044AF79 /* DaangnMarket */ = {
			isa = PBXNativeTarget;
			buildConfigurationList = AB02A5CC29EAF3E00044AF79 /* Build configuration list for PBXNativeTarget "DaangnMarket" */;
			buildPhases = (
				AB02A5B429EAF3DF0044AF79 /* Sources */,
				AB02A5B529EAF3DF0044AF79 /* Frameworks */,
				AB02A5B629EAF3DF0044AF79 /* Resources */,
			);
			buildRules = (
			);
			dependencies = (
			);
			name = DaangnMarket;
			packageProductDependencies = (
				AB88AD6D29EAFD2100FDF095 /* SnapKit */,
				AB88AD7029EAFD2B00FDF095 /* Then */,
			);
			productName = DaangnMarket;
			productReference = AB02A5B829EAF3DF0044AF79 /* DaangnMarket.app */;
			productType = "com.apple.product-type.application";
		};
/* End PBXNativeTarget section */

/* Begin PBXProject section */
		AB02A5B029EAF3DF0044AF79 /* Project object */ = {
			isa = PBXProject;
			attributes = {
				BuildIndependentTargetsInParallel = 1;
				LastSwiftUpdateCheck = 1420;
				LastUpgradeCheck = 1420;
				TargetAttributes = {
					AB02A5B729EAF3DF0044AF79 = {
						CreatedOnToolsVersion = 14.2;
					};
				};
			};
			buildConfigurationList = AB02A5B329EAF3DF0044AF79 /* Build configuration list for PBXProject "DaangnMarket" */;
			compatibilityVersion = "Xcode 14.0";
			developmentRegion = en;
			hasScannedForEncodings = 0;
			knownRegions = (
				en,
				Base,
			);
			mainGroup = AB02A5AF29EAF3DF0044AF79;
			packageReferences = (
				AB88AD6C29EAFD2100FDF095 /* XCRemoteSwiftPackageReference "SnapKit" */,
				AB88AD6F29EAFD2B00FDF095 /* XCRemoteSwiftPackageReference "Then" */,
			);
			productRefGroup = AB02A5B929EAF3DF0044AF79 /* Products */;
			projectDirPath = "";
			projectRoot = "";
			targets = (
				AB02A5B729EAF3DF0044AF79 /* DaangnMarket */,
			);
		};
/* End PBXProject section */

/* Begin PBXResourcesBuildPhase section */
		AB02A5B629EAF3DF0044AF79 /* Resources */ = {
			isa = PBXResourcesBuildPhase;
			buildActionMask = 2147483647;
			files = (
				AB02A5C829EAF3E00044AF79 /* LaunchScreen.storyboard in Resources */,
				AB02A5C529EAF3E00044AF79 /* Assets.xcassets in Resources */,
				AB02A5C329EAF3DF0044AF79 /* Main.storyboard in Resources */,
			);
			runOnlyForDeploymentPostprocessing = 0;
		};
/* End PBXResourcesBuildPhase section */

/* Begin PBXSourcesBuildPhase section */
		AB02A5B429EAF3DF0044AF79 /* Sources */ = {
			isa = PBXSourcesBuildPhase;
			buildActionMask = 2147483647;
			files = (
				168F6E3F29F7B5A1001D023C /* ProductViewController.swift in Sources */,
				AB88AD6229EAFC0A00FDF095 /* TownLifeViewController.swift in Sources */,
				AB88AD5029EAF6D700FDF095 /* UIView+.swift in Sources */,
				ABA6182C2A009DC10004B1D3 /* ModifyProfileViewController.swift in Sources */,
				AB519B9E29F041A20097877D /* MyDaangnModel.swift in Sources */,
				AB519B9429F035570097877D /* UITableViewHeaderFooterView+.swift in Sources */,
				AB88AD5829EAF7ED00FDF095 /* UIColor+.swift in Sources */,
				163305C829F69ACB00115E8B /* HomeCityName.swift in Sources */,
				AB519B8C29F01FC70097877D /* SettingViewController.swift in Sources */,
				AB88AD5629EAF73F00FDF095 /* UICollectionViewCell+.swift in Sources */,
				AB105CC029F24066008A0C40 /* MyProfileHeaderView.swift in Sources */,
				16B4853C29ED2CC00009520B /* NoticeViewController.swift in Sources */,
				AB88AD6529EAFC4800FDF095 /* NearMeViewController.swift in Sources */,
				ABB2136229FBDBF4008672A2 /* ProfileViewController.swift in Sources */,
				AB519B9029F032A90097877D /* MyTableViewCell.swift in Sources */,
				AB88AD5F29EAFBDB00FDF095 /* TabBarController.swift in Sources */,
				AB88AD5229EAF6F800FDF095 /* UIStackView+.swift in Sources */,
				1640722F29F03F50006DED01 /* HomeTableViewModel.swift in Sources */,
				ABB2136B29FD75FE008672A2 /* UIButton+.swift in Sources */,
				AB88AD5D29EAFA9D00FDF095 /* HomeViewController.swift in Sources */,
				16B4853929ED1B7D0009520B /* SearchViewController.swift in Sources */,
				AB88AD5429EAF72500FDF095 /* UITableViewCell+.swift in Sources */,
				ABE7CA7C2A176204001EA9A6 /* DaangnAlertViewController.swift in Sources */,
				AB022D342A076C0200DC3C5F /* UIAlertController+.swift in Sources */,
				AB519B9229F034E50097877D /* MySectionHeaderView.swift in Sources */,
				ABA6182E2A00C57E0004B1D3 /* UITextField+.swift in Sources */,
				163FC66C29FA2880002CDD2E /* MyAddressViewController.swift in Sources */,
				AB02A5BC29EAF3DF0044AF79 /* AppDelegate.swift in Sources */,
				AB519BA229F046A30097877D /* MyLineFooterView.swift in Sources */,
				ABB2136D29FE4E37008672A2 /* ProfileTableViewCell.swift in Sources */,
				AB88AD6B29EAFCA500FDF095 /* MyDaangnViewController.swift in Sources */,
				ABB2136929FD7075008672A2 /* ProfileHeaderView.swift in Sources */,
				AB88AD6829EAFC8900FDF095 /* ChatViewController.swift in Sources */,
				AB56598F29FB994F00A359A8 /* UIViewController+.swift in Sources */,
				1640723329F04BB8006DED01 /* HomeTableViewCell.swift in Sources */,
				AB02A5BE29EAF3DF0044AF79 /* SceneDelegate.swift in Sources */,
			);
			runOnlyForDeploymentPostprocessing = 0;
		};
/* End PBXSourcesBuildPhase section */

/* Begin PBXVariantGroup section */
		AB02A5C129EAF3DF0044AF79 /* Main.storyboard */ = {
			isa = PBXVariantGroup;
			children = (
				AB02A5C229EAF3DF0044AF79 /* Base */,
			);
			name = Main.storyboard;
			sourceTree = "<group>";
		};
		AB02A5C629EAF3E00044AF79 /* LaunchScreen.storyboard */ = {
			isa = PBXVariantGroup;
			children = (
				AB02A5C729EAF3E00044AF79 /* Base */,
			);
			name = LaunchScreen.storyboard;
			sourceTree = "<group>";
		};
/* End PBXVariantGroup section */

/* Begin XCBuildConfiguration section */
		AB02A5CA29EAF3E00044AF79 /* Debug */ = {
			isa = XCBuildConfiguration;
			buildSettings = {
				ALWAYS_SEARCH_USER_PATHS = NO;
				CLANG_ANALYZER_NONNULL = YES;
				CLANG_ANALYZER_NUMBER_OBJECT_CONVERSION = YES_AGGRESSIVE;
				CLANG_CXX_LANGUAGE_STANDARD = "gnu++20";
				CLANG_ENABLE_MODULES = YES;
				CLANG_ENABLE_OBJC_ARC = YES;
				CLANG_ENABLE_OBJC_WEAK = YES;
				CLANG_WARN_BLOCK_CAPTURE_AUTORELEASING = YES;
				CLANG_WARN_BOOL_CONVERSION = YES;
				CLANG_WARN_COMMA = YES;
				CLANG_WARN_CONSTANT_CONVERSION = YES;
				CLANG_WARN_DEPRECATED_OBJC_IMPLEMENTATIONS = YES;
				CLANG_WARN_DIRECT_OBJC_ISA_USAGE = YES_ERROR;
				CLANG_WARN_DOCUMENTATION_COMMENTS = YES;
				CLANG_WARN_EMPTY_BODY = YES;
				CLANG_WARN_ENUM_CONVERSION = YES;
				CLANG_WARN_INFINITE_RECURSION = YES;
				CLANG_WARN_INT_CONVERSION = YES;
				CLANG_WARN_NON_LITERAL_NULL_CONVERSION = YES;
				CLANG_WARN_OBJC_IMPLICIT_RETAIN_SELF = YES;
				CLANG_WARN_OBJC_LITERAL_CONVERSION = YES;
				CLANG_WARN_OBJC_ROOT_CLASS = YES_ERROR;
				CLANG_WARN_QUOTED_INCLUDE_IN_FRAMEWORK_HEADER = YES;
				CLANG_WARN_RANGE_LOOP_ANALYSIS = YES;
				CLANG_WARN_STRICT_PROTOTYPES = YES;
				CLANG_WARN_SUSPICIOUS_MOVE = YES;
				CLANG_WARN_UNGUARDED_AVAILABILITY = YES_AGGRESSIVE;
				CLANG_WARN_UNREACHABLE_CODE = YES;
				CLANG_WARN__DUPLICATE_METHOD_MATCH = YES;
				COPY_PHASE_STRIP = NO;
				DEBUG_INFORMATION_FORMAT = dwarf;
				ENABLE_STRICT_OBJC_MSGSEND = YES;
				ENABLE_TESTABILITY = YES;
				GCC_C_LANGUAGE_STANDARD = gnu11;
				GCC_DYNAMIC_NO_PIC = NO;
				GCC_NO_COMMON_BLOCKS = YES;
				GCC_OPTIMIZATION_LEVEL = 0;
				GCC_PREPROCESSOR_DEFINITIONS = (
					"DEBUG=1",
					"$(inherited)",
				);
				GCC_WARN_64_TO_32_BIT_CONVERSION = YES;
				GCC_WARN_ABOUT_RETURN_TYPE = YES_ERROR;
				GCC_WARN_UNDECLARED_SELECTOR = YES;
				GCC_WARN_UNINITIALIZED_AUTOS = YES_AGGRESSIVE;
				GCC_WARN_UNUSED_FUNCTION = YES;
				GCC_WARN_UNUSED_VARIABLE = YES;
				IPHONEOS_DEPLOYMENT_TARGET = 16.2;
				MTL_ENABLE_DEBUG_INFO = INCLUDE_SOURCE;
				MTL_FAST_MATH = YES;
				ONLY_ACTIVE_ARCH = YES;
				SDKROOT = iphoneos;
				SWIFT_ACTIVE_COMPILATION_CONDITIONS = DEBUG;
				SWIFT_OPTIMIZATION_LEVEL = "-Onone";
			};
			name = Debug;
		};
		AB02A5CB29EAF3E00044AF79 /* Release */ = {
			isa = XCBuildConfiguration;
			buildSettings = {
				ALWAYS_SEARCH_USER_PATHS = NO;
				CLANG_ANALYZER_NONNULL = YES;
				CLANG_ANALYZER_NUMBER_OBJECT_CONVERSION = YES_AGGRESSIVE;
				CLANG_CXX_LANGUAGE_STANDARD = "gnu++20";
				CLANG_ENABLE_MODULES = YES;
				CLANG_ENABLE_OBJC_ARC = YES;
				CLANG_ENABLE_OBJC_WEAK = YES;
				CLANG_WARN_BLOCK_CAPTURE_AUTORELEASING = YES;
				CLANG_WARN_BOOL_CONVERSION = YES;
				CLANG_WARN_COMMA = YES;
				CLANG_WARN_CONSTANT_CONVERSION = YES;
				CLANG_WARN_DEPRECATED_OBJC_IMPLEMENTATIONS = YES;
				CLANG_WARN_DIRECT_OBJC_ISA_USAGE = YES_ERROR;
				CLANG_WARN_DOCUMENTATION_COMMENTS = YES;
				CLANG_WARN_EMPTY_BODY = YES;
				CLANG_WARN_ENUM_CONVERSION = YES;
				CLANG_WARN_INFINITE_RECURSION = YES;
				CLANG_WARN_INT_CONVERSION = YES;
				CLANG_WARN_NON_LITERAL_NULL_CONVERSION = YES;
				CLANG_WARN_OBJC_IMPLICIT_RETAIN_SELF = YES;
				CLANG_WARN_OBJC_LITERAL_CONVERSION = YES;
				CLANG_WARN_OBJC_ROOT_CLASS = YES_ERROR;
				CLANG_WARN_QUOTED_INCLUDE_IN_FRAMEWORK_HEADER = YES;
				CLANG_WARN_RANGE_LOOP_ANALYSIS = YES;
				CLANG_WARN_STRICT_PROTOTYPES = YES;
				CLANG_WARN_SUSPICIOUS_MOVE = YES;
				CLANG_WARN_UNGUARDED_AVAILABILITY = YES_AGGRESSIVE;
				CLANG_WARN_UNREACHABLE_CODE = YES;
				CLANG_WARN__DUPLICATE_METHOD_MATCH = YES;
				COPY_PHASE_STRIP = NO;
				DEBUG_INFORMATION_FORMAT = "dwarf-with-dsym";
				ENABLE_NS_ASSERTIONS = NO;
				ENABLE_STRICT_OBJC_MSGSEND = YES;
				GCC_C_LANGUAGE_STANDARD = gnu11;
				GCC_NO_COMMON_BLOCKS = YES;
				GCC_WARN_64_TO_32_BIT_CONVERSION = YES;
				GCC_WARN_ABOUT_RETURN_TYPE = YES_ERROR;
				GCC_WARN_UNDECLARED_SELECTOR = YES;
				GCC_WARN_UNINITIALIZED_AUTOS = YES_AGGRESSIVE;
				GCC_WARN_UNUSED_FUNCTION = YES;
				GCC_WARN_UNUSED_VARIABLE = YES;
				IPHONEOS_DEPLOYMENT_TARGET = 16.2;
				MTL_ENABLE_DEBUG_INFO = NO;
				MTL_FAST_MATH = YES;
				SDKROOT = iphoneos;
				SWIFT_COMPILATION_MODE = wholemodule;
				SWIFT_OPTIMIZATION_LEVEL = "-O";
				VALIDATE_PRODUCT = YES;
			};
			name = Release;
		};
		AB02A5CD29EAF3E00044AF79 /* Debug */ = {
			isa = XCBuildConfiguration;
			buildSettings = {
				ASSETCATALOG_COMPILER_APPICON_NAME = AppIcon;
				ASSETCATALOG_COMPILER_GLOBAL_ACCENT_COLOR_NAME = AccentColor;
				CODE_SIGN_STYLE = Automatic;
				CURRENT_PROJECT_VERSION = 1;
				DEVELOPMENT_TEAM = N3H5YNSQ64;
				GENERATE_INFOPLIST_FILE = YES;
				INFOPLIST_FILE = DaangnMarket/Info.plist;
				INFOPLIST_KEY_UIApplicationSupportsIndirectInputEvents = YES;
				INFOPLIST_KEY_UILaunchStoryboardName = LaunchScreen;
				INFOPLIST_KEY_UIMainStoryboardFile = Main;
				INFOPLIST_KEY_UISupportedInterfaceOrientations_iPad = "UIInterfaceOrientationPortrait UIInterfaceOrientationPortraitUpsideDown UIInterfaceOrientationLandscapeLeft UIInterfaceOrientationLandscapeRight";
				INFOPLIST_KEY_UISupportedInterfaceOrientations_iPhone = "UIInterfaceOrientationPortrait UIInterfaceOrientationLandscapeLeft UIInterfaceOrientationLandscapeRight";
				LD_RUNPATH_SEARCH_PATHS = (
					"$(inherited)",
					"@executable_path/Frameworks",
				);
				MARKETING_VERSION = 1.0;
				PRODUCT_BUNDLE_IDENTIFIER = min.DaangnMarket.clone;
				PRODUCT_NAME = "$(TARGET_NAME)";
				SWIFT_EMIT_LOC_STRINGS = YES;
				SWIFT_VERSION = 5.0;
				TARGETED_DEVICE_FAMILY = "1,2";
			};
			name = Debug;
		};
		AB02A5CE29EAF3E00044AF79 /* Release */ = {
			isa = XCBuildConfiguration;
			buildSettings = {
				ASSETCATALOG_COMPILER_APPICON_NAME = AppIcon;
				ASSETCATALOG_COMPILER_GLOBAL_ACCENT_COLOR_NAME = AccentColor;
				CODE_SIGN_STYLE = Automatic;
				CURRENT_PROJECT_VERSION = 1;
				DEVELOPMENT_TEAM = N3H5YNSQ64;
				GENERATE_INFOPLIST_FILE = YES;
				INFOPLIST_FILE = DaangnMarket/Info.plist;
				INFOPLIST_KEY_UIApplicationSupportsIndirectInputEvents = YES;
				INFOPLIST_KEY_UILaunchStoryboardName = LaunchScreen;
				INFOPLIST_KEY_UIMainStoryboardFile = Main;
				INFOPLIST_KEY_UISupportedInterfaceOrientations_iPad = "UIInterfaceOrientationPortrait UIInterfaceOrientationPortraitUpsideDown UIInterfaceOrientationLandscapeLeft UIInterfaceOrientationLandscapeRight";
				INFOPLIST_KEY_UISupportedInterfaceOrientations_iPhone = "UIInterfaceOrientationPortrait UIInterfaceOrientationLandscapeLeft UIInterfaceOrientationLandscapeRight";
				LD_RUNPATH_SEARCH_PATHS = (
					"$(inherited)",
					"@executable_path/Frameworks",
				);
				MARKETING_VERSION = 1.0;
				PRODUCT_BUNDLE_IDENTIFIER = min.DaangnMarket.clone;
				PRODUCT_NAME = "$(TARGET_NAME)";
				SWIFT_EMIT_LOC_STRINGS = YES;
				SWIFT_VERSION = 5.0;
				TARGETED_DEVICE_FAMILY = "1,2";
			};
			name = Release;
		};
/* End XCBuildConfiguration section */

/* Begin XCConfigurationList section */
		AB02A5B329EAF3DF0044AF79 /* Build configuration list for PBXProject "DaangnMarket" */ = {
			isa = XCConfigurationList;
			buildConfigurations = (
				AB02A5CA29EAF3E00044AF79 /* Debug */,
				AB02A5CB29EAF3E00044AF79 /* Release */,
			);
			defaultConfigurationIsVisible = 0;
			defaultConfigurationName = Release;
		};
		AB02A5CC29EAF3E00044AF79 /* Build configuration list for PBXNativeTarget "DaangnMarket" */ = {
			isa = XCConfigurationList;
			buildConfigurations = (
				AB02A5CD29EAF3E00044AF79 /* Debug */,
				AB02A5CE29EAF3E00044AF79 /* Release */,
			);
			defaultConfigurationIsVisible = 0;
			defaultConfigurationName = Release;
		};
/* End XCConfigurationList section */

/* Begin XCRemoteSwiftPackageReference section */
		AB88AD6C29EAFD2100FDF095 /* XCRemoteSwiftPackageReference "SnapKit" */ = {
			isa = XCRemoteSwiftPackageReference;
			repositoryURL = "https://github.com/SnapKit/SnapKit";
			requirement = {
				kind = upToNextMajorVersion;
				minimumVersion = 5.0.0;
			};
		};
		AB88AD6F29EAFD2B00FDF095 /* XCRemoteSwiftPackageReference "Then" */ = {
			isa = XCRemoteSwiftPackageReference;
			repositoryURL = "https://github.com/devxoul/Then";
			requirement = {
				branch = master;
				kind = branch;
			};
		};
/* End XCRemoteSwiftPackageReference section */

/* Begin XCSwiftPackageProductDependency section */
		AB88AD6D29EAFD2100FDF095 /* SnapKit */ = {
			isa = XCSwiftPackageProductDependency;
			package = AB88AD6C29EAFD2100FDF095 /* XCRemoteSwiftPackageReference "SnapKit" */;
			productName = SnapKit;
		};
		AB88AD7029EAFD2B00FDF095 /* Then */ = {
			isa = XCSwiftPackageProductDependency;
			package = AB88AD6F29EAFD2B00FDF095 /* XCRemoteSwiftPackageReference "Then" */;
			productName = Then;
		};
/* End XCSwiftPackageProductDependency section */
	};
	rootObject = AB02A5B029EAF3DF0044AF79 /* Project object */;
}
